// !$*UTF8*$!
{
	archiveVersion = 1;
	classes = {
	};
	objectVersion = 56;
	objects = {

/* Begin PBXBuildFile section */
		8D55DBEF2A8539BC009DADA1 /* AppDelegate.swift in Sources */ = {isa = PBXBuildFile; fileRef = 8D55DBEE2A8539BC009DADA1 /* AppDelegate.swift */; };
		8D55DBF12A8539BC009DADA1 /* SceneDelegate.swift in Sources */ = {isa = PBXBuildFile; fileRef = 8D55DBF02A8539BC009DADA1 /* SceneDelegate.swift */; };
		8D55DBF32A8539BC009DADA1 /* ViewController.swift in Sources */ = {isa = PBXBuildFile; fileRef = 8D55DBF22A8539BC009DADA1 /* ViewController.swift */; };
		8D55DBF62A8539BC009DADA1 /* Main.storyboard in Resources */ = {isa = PBXBuildFile; fileRef = 8D55DBF42A8539BC009DADA1 /* Main.storyboard */; };
		8D55DBF82A8539BD009DADA1 /* Assets.xcassets in Resources */ = {isa = PBXBuildFile; fileRef = 8D55DBF72A8539BD009DADA1 /* Assets.xcassets */; };
		8D55DBFB2A8539BD009DADA1 /* LaunchScreen.storyboard in Resources */ = {isa = PBXBuildFile; fileRef = 8D55DBF92A8539BD009DADA1 /* LaunchScreen.storyboard */; };
		8D55DC062A8539BD009DADA1 /* firstappTests.swift in Sources */ = {isa = PBXBuildFile; fileRef = 8D55DC052A8539BD009DADA1 /* firstappTests.swift */; };
		8D55DC102A8539BD009DADA1 /* firstappUITests.swift in Sources */ = {isa = PBXBuildFile; fileRef = 8D55DC0F2A8539BD009DADA1 /* firstappUITests.swift */; };
		8D55DC122A8539BD009DADA1 /* firstappUITestsLaunchTests.swift in Sources */ = {isa = PBXBuildFile; fileRef = 8D55DC112A8539BD009DADA1 /* firstappUITestsLaunchTests.swift */; };
/* End PBXBuildFile section */

/* Begin PBXContainerItemProxy section */
		8D55DC022A8539BD009DADA1 /* PBXContainerItemProxy */ = {
			isa = PBXContainerItemProxy;
			containerPortal = 8D55DBE32A8539BC009DADA1 /* Project object */;
			proxyType = 1;
			remoteGlobalIDString = 8D55DBEA2A8539BC009DADA1;
			remoteInfo = firstapp;
		};
		8D55DC0C2A8539BD009DADA1 /* PBXContainerItemProxy */ = {
			isa = PBXContainerItemProxy;
			containerPortal = 8D55DBE32A8539BC009DADA1 /* Project object */;
			proxyType = 1;
			remoteGlobalIDString = 8D55DBEA2A8539BC009DADA1;
			remoteInfo = firstapp;
		};
/* End PBXContainerItemProxy section */

/* Begin PBXFileReference section */
		8D55DBEB2A8539BC009DADA1 /* firstapp.app */ = {isa = PBXFileReference; explicitFileType = wrapper.application; includeInIndex = 0; path = firstapp.app; sourceTree = BUILT_PRODUCTS_DIR; };
		8D55DBEE2A8539BC009DADA1 /* AppDelegate.swift */ = {isa = PBXFileReference; lastKnownFileType = sourcecode.swift; path = AppDelegate.swift; sourceTree = "<group>"; };
		8D55DBF02A8539BC009DADA1 /* SceneDelegate.swift */ = {isa = PBXFileReference; lastKnownFileType = sourcecode.swift; path = SceneDelegate.swift; sourceTree = "<group>"; };
		8D55DBF22A8539BC009DADA1 /* ViewController.swift */ = {isa = PBXFileReference; lastKnownFileType = sourcecode.swift; path = ViewController.swift; sourceTree = "<group>"; };
		8D55DBF52A8539BC009DADA1 /* Base */ = {isa = PBXFileReference; lastKnownFileType = file.storyboard; name = Base; path = Base.lproj/Main.storyboard; sourceTree = "<group>"; };
		8D55DBF72A8539BD009DADA1 /* Assets.xcassets */ = {isa = PBXFileReference; lastKnownFileType = folder.assetcatalog; path = Assets.xcassets; sourceTree = "<group>"; };
		8D55DBFA2A8539BD009DADA1 /* Base */ = {isa = PBXFileReference; lastKnownFileType = file.storyboard; name = Base; path = Base.lproj/LaunchScreen.storyboard; sourceTree = "<group>"; };
		8D55DBFC2A8539BD009DADA1 /* Info.plist */ = {isa = PBXFileReference; lastKnownFileType = text.plist.xml; path = Info.plist; sourceTree = "<group>"; };
		8D55DC012A8539BD009DADA1 /* firstappTests.xctest */ = {isa = PBXFileReference; explicitFileType = wrapper.cfbundle; includeInIndex = 0; path = firstappTests.xctest; sourceTree = BUILT_PRODUCTS_DIR; };
		8D55DC052A8539BD009DADA1 /* firstappTests.swift */ = {isa = PBXFileReference; lastKnownFileType = sourcecode.swift; path = firstappTests.swift; sourceTree = "<group>"; };
		8D55DC0B2A8539BD009DADA1 /* firstappUITests.xctest */ = {isa = PBXFileReference; explicitFileType = wrapper.cfbundle; includeInIndex = 0; path = firstappUITests.xctest; sourceTree = BUILT_PRODUCTS_DIR; };
		8D55DC0F2A8539BD009DADA1 /* firstappUITests.swift */ = {isa = PBXFileReference; lastKnownFileType = sourcecode.swift; path = firstappUITests.swift; sourceTree = "<group>"; };
		8D55DC112A8539BD009DADA1 /* firstappUITestsLaunchTests.swift */ = {isa = PBXFileReference; lastKnownFileType = sourcecode.swift; path = firstappUITestsLaunchTests.swift; sourceTree = "<group>"; };
/* End PBXFileReference section */

/* Begin PBXFrameworksBuildPhase section */
		8D55DBE82A8539BC009DADA1 /* Frameworks */ = {
			isa = PBXFrameworksBuildPhase;
			buildActionMask = 2147483647;
			files = (
			);
			runOnlyForDeploymentPostprocessing = 0;
		};
		8D55DBFE2A8539BD009DADA1 /* Frameworks */ = {
			isa = PBXFrameworksBuildPhase;
			buildActionMask = 2147483647;
			files = (
			);
			runOnlyForDeploymentPostprocessing = 0;
		};
		8D55DC082A8539BD009DADA1 /* Frameworks */ = {
			isa = PBXFrameworksBuildPhase;
			buildActionMask = 2147483647;
			files = (
			);
			runOnlyForDeploymentPostprocessing = 0;
		};
/* End PBXFrameworksBuildPhase section */

/* Begin PBXGroup section */
		8D55DBE22A8539BC009DADA1 = {
			isa = PBXGroup;
			children = (
				8D55DBED2A8539BC009DADA1 /* firstapp */,
				8D55DC042A8539BD009DADA1 /* firstappTests */,
				8D55DC0E2A8539BD009DADA1 /* firstappUITests */,
				8D55DBEC2A8539BC009DADA1 /* Products */,
			);
			sourceTree = "<group>";
		};
		8D55DBEC2A8539BC009DADA1 /* Products */ = {
			isa = PBXGroup;
			children = (
				8D55DBEB2A8539BC009DADA1 /* firstapp.app */,
				8D55DC012A8539BD009DADA1 /* firstappTests.xctest */,
				8D55DC0B2A8539BD009DADA1 /* firstappUITests.xctest */,
			);
			name = Products;
			sourceTree = "<group>";
		};
		8D55DBED2A8539BC009DADA1 /* firstapp */ = {
			isa = PBXGroup;
			children = (
				8D55DBEE2A8539BC009DADA1 /* AppDelegate.swift */,
				8D55DBF02A8539BC009DADA1 /* SceneDelegate.swift */,
				8D55DBF22A8539BC009DADA1 /* ViewController.swift */,
				8D55DBF42A8539BC009DADA1 /* Main.storyboard */,
				8D55DBF72A8539BD009DADA1 /* Assets.xcassets */,
				8D55DBF92A8539BD009DADA1 /* LaunchScreen.storyboard */,
				8D55DBFC2A8539BD009DADA1 /* Info.plist */,
			);
			path = firstapp;
			sourceTree = "<group>";
		};
		8D55DC042A8539BD009DADA1 /* firstappTests */ = {
			isa = PBXGroup;
			children = (
				8D55DC052A8539BD009DADA1 /* firstappTests.swift */,
			);
			path = firstappTests;
			sourceTree = "<group>";
		};
		8D55DC0E2A8539BD009DADA1 /* firstappUITests */ = {
			isa = PBXGroup;
			children = (
				8D55DC0F2A8539BD009DADA1 /* firstappUITests.swift */,
				8D55DC112A8539BD009DADA1 /* firstappUITestsLaunchTests.swift */,
			);
			path = firstappUITests;
			sourceTree = "<group>";
		};
/* End PBXGroup section */

/* Begin PBXNativeTarget section */
		8D55DBEA2A8539BC009DADA1 /* firstapp */ = {
			isa = PBXNativeTarget;
			buildConfigurationList = 8D55DC152A8539BD009DADA1 /* Build configuration list for PBXNativeTarget "firstapp" */;
			buildPhases = (
				8D55DBE72A8539BC009DADA1 /* Sources */,
				8D55DBE82A8539BC009DADA1 /* Frameworks */,
				8D55DBE92A8539BC009DADA1 /* Resources */,
			);
			buildRules = (
			);
			dependencies = (
			);
			name = firstapp;
			productName = firstapp;
			productReference = 8D55DBEB2A8539BC009DADA1 /* firstapp.app */;
			productType = "com.apple.product-type.application";
		};
		8D55DC002A8539BD009DADA1 /* firstappTests */ = {
			isa = PBXNativeTarget;
			buildConfigurationList = 8D55DC182A8539BD009DADA1 /* Build configuration list for PBXNativeTarget "firstappTests" */;
			buildPhases = (
				8D55DBFD2A8539BD009DADA1 /* Sources */,
				8D55DBFE2A8539BD009DADA1 /* Frameworks */,
				8D55DBFF2A8539BD009DADA1 /* Resources */,
			);
			buildRules = (
			);
			dependencies = (
				8D55DC032A8539BD009DADA1 /* PBXTargetDependency */,
			);
			name = firstappTests;
			productName = firstappTests;
			productReference = 8D55DC012A8539BD009DADA1 /* firstappTests.xctest */;
			productType = "com.apple.product-type.bundle.unit-test";
		};
		8D55DC0A2A8539BD009DADA1 /* firstappUITests */ = {
			isa = PBXNativeTarget;
			buildConfigurationList = 8D55DC1B2A8539BD009DADA1 /* Build configuration list for PBXNativeTarget "firstappUITests" */;
			buildPhases = (
				8D55DC072A8539BD009DADA1 /* Sources */,
				8D55DC082A8539BD009DADA1 /* Frameworks */,
				8D55DC092A8539BD009DADA1 /* Resources */,
			);
			buildRules = (
			);
			dependencies = (
				8D55DC0D2A8539BD009DADA1 /* PBXTargetDependency */,
			);
			name = firstappUITests;
			productName = firstappUITests;
			productReference = 8D55DC0B2A8539BD009DADA1 /* firstappUITests.xctest */;
			productType = "com.apple.product-type.bundle.ui-testing";
		};
/* End PBXNativeTarget section */

/* Begin PBXProject section */
		8D55DBE32A8539BC009DADA1 /* Project object */ = {
			isa = PBXProject;
			attributes = {
				BuildIndependentTargetsInParallel = 1;
				LastSwiftUpdateCheck = 1430;
				LastUpgradeCheck = 1430;
				TargetAttributes = {
					8D55DBEA2A8539BC009DADA1 = {
						CreatedOnToolsVersion = 14.3.1;
					};
					8D55DC002A8539BD009DADA1 = {
						CreatedOnToolsVersion = 14.3.1;
						TestTargetID = 8D55DBEA2A8539BC009DADA1;
					};
					8D55DC0A2A8539BD009DADA1 = {
						CreatedOnToolsVersion = 14.3.1;
						TestTargetID = 8D55DBEA2A8539BC009DADA1;
					};
				};
			};
			buildConfigurationList = 8D55DBE62A8539BC009DADA1 /* Build configuration list for PBXProject "firstapp" */;
			compatibilityVersion = "Xcode 14.0";
			developmentRegion = en;
			hasScannedForEncodings = 0;
			knownRegions = (
				en,
				Base,
			);
			mainGroup = 8D55DBE22A8539BC009DADA1;
			productRefGroup = 8D55DBEC2A8539BC009DADA1 /* Products */;
			projectDirPath = "";
			projectRoot = "";
			targets = (
				8D55DBEA2A8539BC009DADA1 /* firstapp */,
				8D55DC002A8539BD009DADA1 /* firstappTests */,
				8D55DC0A2A8539BD009DADA1 /* firstappUITests */,
			);
		};
/* End PBXProject section */

/* Begin PBXResourcesBuildPhase section */
		8D55DBE92A8539BC009DADA1 /* Resources */ = {
			isa = PBXResourcesBuildPhase;
			buildActionMask = 2147483647;
			files = (
				8D55DBFB2A8539BD009DADA1 /* LaunchScreen.storyboard in Resources */,
				8D55DBF82A8539BD009DADA1 /* Assets.xcassets in Resources */,
				8D55DBF62A8539BC009DADA1 /* Main.storyboard in Resources */,
			);
			runOnlyForDeploymentPostprocessing = 0;
		};
		8D55DBFF2A8539BD009DADA1 /* Resources */ = {
			isa = PBXResourcesBuildPhase;
			buildActionMask = 2147483647;
			files = (
			);
			runOnlyForDeploymentPostprocessing = 0;
		};
		8D55DC092A8539BD009DADA1 /* Resources */ = {
			isa = PBXResourcesBuildPhase;
			buildActionMask = 2147483647;
			files = (
			);
			runOnlyForDeploymentPostprocessing = 0;
		};
/* End PBXResourcesBuildPhase section */

/* Begin PBXSourcesBuildPhase section */
		8D55DBE72A8539BC009DADA1 /* Sources */ = {
			isa = PBXSourcesBuildPhase;
			buildActionMask = 2147483647;
			files = (
				8D55DBF32A8539BC009DADA1 /* ViewController.swift in Sources */,
				8D55DBEF2A8539BC009DADA1 /* AppDelegate.swift in Sources */,
				8D55DBF12A8539BC009DADA1 /* SceneDelegate.swift in Sources */,
			);
			runOnlyForDeploymentPostprocessing = 0;
		};
		8D55DBFD2A8539BD009DADA1 /* Sources */ = {
			isa = PBXSourcesBuildPhase;
			buildActionMask = 2147483647;
			files = (
				8D55DC062A8539BD009DADA1 /* firstappTests.swift in Sources */,
			);
			runOnlyForDeploymentPostprocessing = 0;
		};
		8D55DC072A8539BD009DADA1 /* Sources */ = {
			isa = PBXSourcesBuildPhase;
			buildActionMask = 2147483647;
			files = (
				8D55DC122A8539BD009DADA1 /* firstappUITestsLaunchTests.swift in Sources */,
				8D55DC102A8539BD009DADA1 /* firstappUITests.swift in Sources */,
			);
			runOnlyForDeploymentPostprocessing = 0;
		};
/* End PBXSourcesBuildPhase section */

/* Begin PBXTargetDependency section */
		8D55DC032A8539BD009DADA1 /* PBXTargetDependency */ = {
			isa = PBXTargetDependency;
			target = 8D55DBEA2A8539BC009DADA1 /* firstapp */;
			targetProxy = 8D55DC022A8539BD009DADA1 /* PBXContainerItemProxy */;
		};
		8D55DC0D2A8539BD009DADA1 /* PBXTargetDependency */ = {
			isa = PBXTargetDependency;
			target = 8D55DBEA2A8539BC009DADA1 /* firstapp */;
			targetProxy = 8D55DC0C2A8539BD009DADA1 /* PBXContainerItemProxy */;
		};
/* End PBXTargetDependency section */

/* Begin PBXVariantGroup section */
		8D55DBF42A8539BC009DADA1 /* Main.storyboard */ = {
			isa = PBXVariantGroup;
			children = (
				8D55DBF52A8539BC009DADA1 /* Base */,
			);
			name = Main.storyboard;
			sourceTree = "<group>";
		};
		8D55DBF92A8539BD009DADA1 /* LaunchScreen.storyboard */ = {
			isa = PBXVariantGroup;
			children = (
				8D55DBFA2A8539BD009DADA1 /* Base */,
			);
			name = LaunchScreen.storyboard;
			sourceTree = "<group>";
		};
/* End PBXVariantGroup section */

/* Begin XCBuildConfiguration section */
		8D55DC132A8539BD009DADA1 /* Debug */ = {
			isa = XCBuildConfiguration;
			buildSettings = {
				ALWAYS_SEARCH_USER_PATHS = NO;
				CLANG_ANALYZER_NONNULL = YES;
				CLANG_ANALYZER_NUMBER_OBJECT_CONVERSION = YES_AGGRESSIVE;
				CLANG_CXX_LANGUAGE_STANDARD = "gnu++20";
				CLANG_ENABLE_MODULES = YES;
				CLANG_ENABLE_OBJC_ARC = YES;
				CLANG_ENABLE_OBJC_WEAK = YES;
				CLANG_WARN_BLOCK_CAPTURE_AUTORELEASING = YES;
				CLANG_WARN_BOOL_CONVERSION = YES;
				CLANG_WARN_COMMA = YES;
				CLANG_WARN_CONSTANT_CONVERSION = YES;
				CLANG_WARN_DEPRECATED_OBJC_IMPLEMENTATIONS = YES;
				CLANG_WARN_DIRECT_OBJC_ISA_USAGE = YES_ERROR;
				CLANG_WARN_DOCUMENTATION_COMMENTS = YES;
				CLANG_WARN_EMPTY_BODY = YES;
				CLANG_WARN_ENUM_CONVERSION = YES;
				CLANG_WARN_INFINITE_RECURSION = YES;
				CLANG_WARN_INT_CONVERSION = YES;
				CLANG_WARN_NON_LITERAL_NULL_CONVERSION = YES;
				CLANG_WARN_OBJC_IMPLICIT_RETAIN_SELF = YES;
				CLANG_WARN_OBJC_LITERAL_CONVERSION = YES;
				CLANG_WARN_OBJC_ROOT_CLASS = YES_ERROR;
				CLANG_WARN_QUOTED_INCLUDE_IN_FRAMEWORK_HEADER = YES;
				CLANG_WARN_RANGE_LOOP_ANALYSIS = YES;
				CLANG_WARN_STRICT_PROTOTYPES = YES;
				CLANG_WARN_SUSPICIOUS_MOVE = YES;
				CLANG_WARN_UNGUARDED_AVAILABILITY = YES_AGGRESSIVE;
				CLANG_WARN_UNREACHABLE_CODE = YES;
				CLANG_WARN__DUPLICATE_METHOD_MATCH = YES;
				COPY_PHASE_STRIP = NO;
				DEBUG_INFORMATION_FORMAT = dwarf;
				ENABLE_STRICT_OBJC_MSGSEND = YES;
				ENABLE_TESTABILITY = YES;
				GCC_C_LANGUAGE_STANDARD = gnu11;
				GCC_DYNAMIC_NO_PIC = NO;
				GCC_NO_COMMON_BLOCKS = YES;
				GCC_OPTIMIZATION_LEVEL = 0;
				GCC_PREPROCESSOR_DEFINITIONS = (
					"DEBUG=1",
					"$(inherited)",
				);
				GCC_WARN_64_TO_32_BIT_CONVERSION = YES;
				GCC_WARN_ABOUT_RETURN_TYPE = YES_ERROR;
				GCC_WARN_UNDECLARED_SELECTOR = YES;
				GCC_WARN_UNINITIALIZED_AUTOS = YES_AGGRESSIVE;
				GCC_WARN_UNUSED_FUNCTION = YES;
				GCC_WARN_UNUSED_VARIABLE = YES;
				IPHONEOS_DEPLOYMENT_TARGET = 16.4;
				MTL_ENABLE_DEBUG_INFO = INCLUDE_SOURCE;
				MTL_FAST_MATH = YES;
				ONLY_ACTIVE_ARCH = YES;
				SDKROOT = iphoneos;
				SWIFT_ACTIVE_COMPILATION_CONDITIONS = DEBUG;
				SWIFT_OPTIMIZATION_LEVEL = "-Onone";
			};
			name = Debug;
		};
		8D55DC142A8539BD009DADA1 /* Release */ = {
			isa = XCBuildConfiguration;
			buildSettings = {
				ALWAYS_SEARCH_USER_PATHS = NO;
				CLANG_ANALYZER_NONNULL = YES;
				CLANG_ANALYZER_NUMBER_OBJECT_CONVERSION = YES_AGGRESSIVE;
				CLANG_CXX_LANGUAGE_STANDARD = "gnu++20";
				CLANG_ENABLE_MODULES = YES;
				CLANG_ENABLE_OBJC_ARC = YES;
				CLANG_ENABLE_OBJC_WEAK = YES;
				CLANG_WARN_BLOCK_CAPTURE_AUTORELEASING = YES;
				CLANG_WARN_BOOL_CONVERSION = YES;
				CLANG_WARN_COMMA = YES;
				CLANG_WARN_CONSTANT_CONVERSION = YES;
				CLANG_WARN_DEPRECATED_OBJC_IMPLEMENTATIONS = YES;
				CLANG_WARN_DIRECT_OBJC_ISA_USAGE = YES_ERROR;
				CLANG_WARN_DOCUMENTATION_COMMENTS = YES;
				CLANG_WARN_EMPTY_BODY = YES;
				CLANG_WARN_ENUM_CONVERSION = YES;
				CLANG_WARN_INFINITE_RECURSION = YES;
				CLANG_WARN_INT_CONVERSION = YES;
				CLANG_WARN_NON_LITERAL_NULL_CONVERSION = YES;
				CLANG_WARN_OBJC_IMPLICIT_RETAIN_SELF = YES;
				CLANG_WARN_OBJC_LITERAL_CONVERSION = YES;
				CLANG_WARN_OBJC_ROOT_CLASS = YES_ERROR;
				CLANG_WARN_QUOTED_INCLUDE_IN_FRAMEWORK_HEADER = YES;
				CLANG_WARN_RANGE_LOOP_ANALYSIS = YES;
				CLANG_WARN_STRICT_PROTOTYPES = YES;
				CLANG_WARN_SUSPICIOUS_MOVE = YES;
				CLANG_WARN_UNGUARDED_AVAILABILITY = YES_AGGRESSIVE;
				CLANG_WARN_UNREACHABLE_CODE = YES;
				CLANG_WARN__DUPLICATE_METHOD_MATCH = YES;
				COPY_PHASE_STRIP = NO;
				DEBUG_INFORMATION_FORMAT = "dwarf-with-dsym";
				ENABLE_NS_ASSERTIONS = NO;
				ENABLE_STRICT_OBJC_MSGSEND = YES;
				GCC_C_LANGUAGE_STANDARD = gnu11;
				GCC_NO_COMMON_BLOCKS = YES;
				GCC_WARN_64_TO_32_BIT_CONVERSION = YES;
				GCC_WARN_ABOUT_RETURN_TYPE = YES_ERROR;
				GCC_WARN_UNDECLARED_SELECTOR = YES;
				GCC_WARN_UNINITIALIZED_AUTOS = YES_AGGRESSIVE;
				GCC_WARN_UNUSED_FUNCTION = YES;
				GCC_WARN_UNUSED_VARIABLE = YES;
				IPHONEOS_DEPLOYMENT_TARGET = 16.4;
				MTL_ENABLE_DEBUG_INFO = NO;
				MTL_FAST_MATH = YES;
				SDKROOT = iphoneos;
				SWIFT_COMPILATION_MODE = wholemodule;
				SWIFT_OPTIMIZATION_LEVEL = "-O";
				VALIDATE_PRODUCT = YES;
			};
			name = Release;
		};
		8D55DC162A8539BD009DADA1 /* Debug */ = {
			isa = XCBuildConfiguration;
			buildSettings = {
				ASSETCATALOG_COMPILER_APPICON_NAME = AppIcon;
				ASSETCATALOG_COMPILER_GLOBAL_ACCENT_COLOR_NAME = AccentColor;
				CODE_SIGN_STYLE = Automatic;
				CURRENT_PROJECT_VERSION = 1;
				GENERATE_INFOPLIST_FILE = YES;
				INFOPLIST_FILE = firstapp/Info.plist;
				INFOPLIST_KEY_UIApplicationSupportsIndirectInputEvents = YES;
				INFOPLIST_KEY_UILaunchStoryboardName = LaunchScreen;
				INFOPLIST_KEY_UIMainStoryboardFile = Main;
				INFOPLIST_KEY_UISupportedInterfaceOrientations_iPad = "UIInterfaceOrientationPortrait UIInterfaceOrientationPortraitUpsideDown UIInterfaceOrientationLandscapeLeft UIInterfaceOrientationLandscapeRight";
				INFOPLIST_KEY_UISupportedInterfaceOrientations_iPhone = "UIInterfaceOrientationPortrait UIInterfaceOrientationLandscapeLeft UIInterfaceOrientationLandscapeRight";
				LD_RUNPATH_SEARCH_PATHS = (
					"$(inherited)",
					"@executable_path/Frameworks",
				);
				MARKETING_VERSION = 1.0;
				PRODUCT_BUNDLE_IDENTIFIER = bolatov.firstapp;
				PRODUCT_NAME = "$(TARGET_NAME)";
				SWIFT_EMIT_LOC_STRINGS = YES;
				SWIFT_VERSION = 5.0;
				TARGETED_DEVICE_FAMILY = "1,2";
			};
			name = Debug;
		};
		8D55DC172A8539BD009DADA1 /* Release */ = {
			isa = XCBuildConfiguration;
			buildSettings = {
				ASSETCATALOG_COMPILER_APPICON_NAME = AppIcon;
				ASSETCATALOG_COMPILER_GLOBAL_ACCENT_COLOR_NAME = AccentColor;
				CODE_SIGN_STYLE = Automatic;
				CURRENT_PROJECT_VERSION = 1;
				GENERATE_INFOPLIST_FILE = YES;
				INFOPLIST_FILE = firstapp/Info.plist;
				INFOPLIST_KEY_UIApplicationSupportsIndirectInputEvents = YES;
				INFOPLIST_KEY_UILaunchStoryboardName = LaunchScreen;
				INFOPLIST_KEY_UIMainStoryboardFile = Main;
				INFOPLIST_KEY_UISupportedInterfaceOrientations_iPad = "UIInterfaceOrientationPortrait UIInterfaceOrientationPortraitUpsideDown UIInterfaceOrientationLandscapeLeft UIInterfaceOrientationLandscapeRight";
				INFOPLIST_KEY_UISupportedInterfaceOrientations_iPhone = "UIInterfaceOrientationPortrait UIInterfaceOrientationLandscapeLeft UIInterfaceOrientationLandscapeRight";
				LD_RUNPATH_SEARCH_PATHS = (
					"$(inherited)",
					"@executable_path/Frameworks",
				);
				MARKETING_VERSION = 1.0;
				PRODUCT_BUNDLE_IDENTIFIER = bolatov.firstapp;
				PRODUCT_NAME = "$(TARGET_NAME)";
				SWIFT_EMIT_LOC_STRINGS = YES;
				SWIFT_VERSION = 5.0;
				TARGETED_DEVICE_FAMILY = "1,2";
			};
			name = Release;
		};
		8D55DC192A8539BD009DADA1 /* Debug */ = {
			isa = XCBuildConfiguration;
			buildSettings = {
				ALWAYS_EMBED_SWIFT_STANDARD_LIBRARIES = YES;
				BUNDLE_LOADER = "$(TEST_HOST)";
				CODE_SIGN_STYLE = Automatic;
				CURRENT_PROJECT_VERSION = 1;
				GENERATE_INFOPLIST_FILE = YES;
				IPHONEOS_DEPLOYMENT_TARGET = 16.4;
				MARKETING_VERSION = 1.0;
				PRODUCT_BUNDLE_IDENTIFIER = bolatov.firstappTests;
				PRODUCT_NAME = "$(TARGET_NAME)";
				SWIFT_EMIT_LOC_STRINGS = NO;
				SWIFT_VERSION = 5.0;
				TARGETED_DEVICE_FAMILY = "1,2";
				TEST_HOST = "$(BUILT_PRODUCTS_DIR)/firstapp.app/$(BUNDLE_EXECUTABLE_FOLDER_PATH)/firstapp";
			};
			name = Debug;
		};
		8D55DC1A2A8539BD009DADA1 /* Release */ = {
			isa = XCBuildConfiguration;
			buildSettings = {
				ALWAYS_EMBED_SWIFT_STANDARD_LIBRARIES = YES;
				BUNDLE_LOADER = "$(TEST_HOST)";
				CODE_SIGN_STYLE = Automatic;
				CURRENT_PROJECT_VERSION = 1;
				GENERATE_INFOPLIST_FILE = YES;
				IPHONEOS_DEPLOYMENT_TARGET = 16.4;
				MARKETING_VERSION = 1.0;
				PRODUCT_BUNDLE_IDENTIFIER = bolatov.firstappTests;
				PRODUCT_NAME = "$(TARGET_NAME)";
				SWIFT_EMIT_LOC_STRINGS = NO;
				SWIFT_VERSION = 5.0;
				TARGETED_DEVICE_FAMILY = "1,2";
				TEST_HOST = "$(BUILT_PRODUCTS_DIR)/firstapp.app/$(BUNDLE_EXECUTABLE_FOLDER_PATH)/firstapp";
			};
			name = Release;
		};
		8D55DC1C2A8539BD009DADA1 /* Debug */ = {
			isa = XCBuildConfiguration;
			buildSettings = {
				ALWAYS_EMBED_SWIFT_STANDARD_LIBRARIES = YES;
				CODE_SIGN_STYLE = Automatic;
				CURRENT_PROJECT_VERSION = 1;
				GENERATE_INFOPLIST_FILE = YES;
				MARKETING_VERSION = 1.0;
				PRODUCT_BUNDLE_IDENTIFIER = bolatov.firstappUITests;
				PRODUCT_NAME = "$(TARGET_NAME)";
				SWIFT_EMIT_LOC_STRINGS = NO;
				SWIFT_VERSION = 5.0;
				TARGETED_DEVICE_FAMILY = "1,2";
				TEST_TARGET_NAME = firstapp;
			};
			name = Debug;
		};
		8D55DC1D2A8539BD009DADA1 /* Release */ = {
			isa = XCBuildConfiguration;
			buildSettings = {
				ALWAYS_EMBED_SWIFT_STANDARD_LIBRARIES = YES;
				CODE_SIGN_STYLE = Automatic;
				CURRENT_PROJECT_VERSION = 1;
				GENERATE_INFOPLIST_FILE = YES;
				MARKETING_VERSION = 1.0;
				PRODUCT_BUNDLE_IDENTIFIER = bolatov.firstappUITests;
				PRODUCT_NAME = "$(TARGET_NAME)";
				SWIFT_EMIT_LOC_STRINGS = NO;
				SWIFT_VERSION = 5.0;
				TARGETED_DEVICE_FAMILY = "1,2";
				TEST_TARGET_NAME = firstapp;
			};
			name = Release;
		};
/* End XCBuildConfiguration section */

/* Begin XCConfigurationList section */
		8D55DBE62A8539BC009DADA1 /* Build configuration list for PBXProject "firstapp" */ = {
			isa = XCConfigurationList;
			buildConfigurations = (
				8D55DC132A8539BD009DADA1 /* Debug */,
				8D55DC142A8539BD009DADA1 /* Release */,
			);
			defaultConfigurationIsVisible = 0;
			defaultConfigurationName = Release;
		};
		8D55DC152A8539BD009DADA1 /* Build configuration list for PBXNativeTarget "firstapp" */ = {
			isa = XCConfigurationList;
			buildConfigurations = (
				8D55DC162A8539BD009DADA1 /* Debug */,
				8D55DC172A8539BD009DADA1 /* Release */,
			);
			defaultConfigurationIsVisible = 0;
			defaultConfigurationName = Release;
		};
		8D55DC182A8539BD009DADA1 /* Build configuration list for PBXNativeTarget "firstappTests" */ = {
			isa = XCConfigurationList;
			buildConfigurations = (
				8D55DC192A8539BD009DADA1 /* Debug */,
				8D55DC1A2A8539BD009DADA1 /* Release */,
			);
			defaultConfigurationIsVisible = 0;
			defaultConfigurationName = Release;
		};
		8D55DC1B2A8539BD009DADA1 /* Build configuration list for PBXNativeTarget "firstappUITests" */ = {
			isa = XCConfigurationList;
			buildConfigurations = (
				8D55DC1C2A8539BD009DADA1 /* Debug */,
				8D55DC1D2A8539BD009DADA1 /* Release */,
			);
			defaultConfigurationIsVisible = 0;
			defaultConfigurationName = Release;
		};
/* End XCConfigurationList section */
	};
	rootObject = 8D55DBE32A8539BC009DADA1 /* Project object */;
}
